// !$*UTF8*$!
{
	archiveVersion = 1;
	classes = {
	};
	objectVersion = 50;
	objects = {

/* Begin PBXBuildFile section */
		78D33898219FBEA3007718DD /* AppDelegate.swift in Sources */ = {isa = PBXBuildFile; fileRef = 78D33897219FBEA3007718DD /* AppDelegate.swift */; };
		78D3389A219FBEA3007718DD /* ViewController.swift in Sources */ = {isa = PBXBuildFile; fileRef = 78D33899219FBEA3007718DD /* ViewController.swift */; };
		78D3389D219FBEA3007718DD /* Main.storyboard in Resources */ = {isa = PBXBuildFile; fileRef = 78D3389B219FBEA3007718DD /* Main.storyboard */; };
		78D3389F219FBEA5007718DD /* Assets.xcassets in Resources */ = {isa = PBXBuildFile; fileRef = 78D3389E219FBEA5007718DD /* Assets.xcassets */; };
		78D338A2219FBEA5007718DD /* LaunchScreen.storyboard in Resources */ = {isa = PBXBuildFile; fileRef = 78D338A0219FBEA5007718DD /* LaunchScreen.storyboard */; };
		78D338AD219FBEA5007718DD /* Loan_dTests.swift in Sources */ = {isa = PBXBuildFile; fileRef = 78D338AC219FBEA5007718DD /* Loan_dTests.swift */; };
		78D338B8219FBEA5007718DD /* Loan_dUITests.swift in Sources */ = {isa = PBXBuildFile; fileRef = 78D338B7219FBEA5007718DD /* Loan_dUITests.swift */; };
		E691BE4921A070AC00804DAF /* PlanAViewController.swift in Sources */ = {isa = PBXBuildFile; fileRef = E691BE4821A070AC00804DAF /* PlanAViewController.swift */; };
/* End PBXBuildFile section */

/* Begin PBXContainerItemProxy section */
		78D338A9219FBEA5007718DD /* PBXContainerItemProxy */ = {
			isa = PBXContainerItemProxy;
			containerPortal = 78D3388C219FBEA3007718DD /* Project object */;
			proxyType = 1;
			remoteGlobalIDString = 78D33893219FBEA3007718DD;
			remoteInfo = "Loan'd";
		};
		78D338B4219FBEA5007718DD /* PBXContainerItemProxy */ = {
			isa = PBXContainerItemProxy;
			containerPortal = 78D3388C219FBEA3007718DD /* Project object */;
			proxyType = 1;
			remoteGlobalIDString = 78D33893219FBEA3007718DD;
			remoteInfo = "Loan'd";
		};
/* End PBXContainerItemProxy section */

/* Begin PBXFileReference section */
		78D33894219FBEA3007718DD /* Loan'd.app */ = {isa = PBXFileReference; explicitFileType = wrapper.application; includeInIndex = 0; path = "Loan'd.app"; sourceTree = BUILT_PRODUCTS_DIR; };
		78D33897219FBEA3007718DD /* AppDelegate.swift */ = {isa = PBXFileReference; lastKnownFileType = sourcecode.swift; path = AppDelegate.swift; sourceTree = "<group>"; };
		78D33899219FBEA3007718DD /* ViewController.swift */ = {isa = PBXFileReference; lastKnownFileType = sourcecode.swift; path = ViewController.swift; sourceTree = "<group>"; };
		78D3389C219FBEA3007718DD /* Base */ = {isa = PBXFileReference; lastKnownFileType = file.storyboard; name = Base; path = Base.lproj/Main.storyboard; sourceTree = "<group>"; };
		78D3389E219FBEA5007718DD /* Assets.xcassets */ = {isa = PBXFileReference; lastKnownFileType = folder.assetcatalog; path = Assets.xcassets; sourceTree = "<group>"; };
		78D338A1219FBEA5007718DD /* Base */ = {isa = PBXFileReference; lastKnownFileType = file.storyboard; name = Base; path = Base.lproj/LaunchScreen.storyboard; sourceTree = "<group>"; };
		78D338A3219FBEA5007718DD /* Info.plist */ = {isa = PBXFileReference; lastKnownFileType = text.plist.xml; path = Info.plist; sourceTree = "<group>"; };
		78D338A8219FBEA5007718DD /* Loan'dTests.xctest */ = {isa = PBXFileReference; explicitFileType = wrapper.cfbundle; includeInIndex = 0; path = "Loan'dTests.xctest"; sourceTree = BUILT_PRODUCTS_DIR; };
		78D338AC219FBEA5007718DD /* Loan_dTests.swift */ = {isa = PBXFileReference; lastKnownFileType = sourcecode.swift; path = Loan_dTests.swift; sourceTree = "<group>"; };
		78D338AE219FBEA5007718DD /* Info.plist */ = {isa = PBXFileReference; lastKnownFileType = text.plist.xml; path = Info.plist; sourceTree = "<group>"; };
		78D338B3219FBEA5007718DD /* Loan'dUITests.xctest */ = {isa = PBXFileReference; explicitFileType = wrapper.cfbundle; includeInIndex = 0; path = "Loan'dUITests.xctest"; sourceTree = BUILT_PRODUCTS_DIR; };
		78D338B7219FBEA5007718DD /* Loan_dUITests.swift */ = {isa = PBXFileReference; lastKnownFileType = sourcecode.swift; path = Loan_dUITests.swift; sourceTree = "<group>"; };
		78D338B9219FBEA5007718DD /* Info.plist */ = {isa = PBXFileReference; lastKnownFileType = text.plist.xml; path = Info.plist; sourceTree = "<group>"; };
		E691BE4821A070AC00804DAF /* PlanAViewController.swift */ = {isa = PBXFileReference; lastKnownFileType = sourcecode.swift; path = PlanAViewController.swift; sourceTree = "<group>"; };
/* End PBXFileReference section */

/* Begin PBXFrameworksBuildPhase section */
		78D33891219FBEA3007718DD /* Frameworks */ = {
			isa = PBXFrameworksBuildPhase;
			buildActionMask = 2147483647;
			files = (
			);
			runOnlyForDeploymentPostprocessing = 0;
		};
		78D338A5219FBEA5007718DD /* Frameworks */ = {
			isa = PBXFrameworksBuildPhase;
			buildActionMask = 2147483647;
			files = (
			);
			runOnlyForDeploymentPostprocessing = 0;
		};
		78D338B0219FBEA5007718DD /* Frameworks */ = {
			isa = PBXFrameworksBuildPhase;
			buildActionMask = 2147483647;
			files = (
			);
			runOnlyForDeploymentPostprocessing = 0;
		};
/* End PBXFrameworksBuildPhase section */

/* Begin PBXGroup section */
		78D3388B219FBEA3007718DD = {
			isa = PBXGroup;
			children = (
				78D33896219FBEA3007718DD /* Loan'd */,
				78D338AB219FBEA5007718DD /* Loan'dTests */,
				78D338B6219FBEA5007718DD /* Loan'dUITests */,
				78D33895219FBEA3007718DD /* Products */,
			);
			sourceTree = "<group>";
		};
		78D33895219FBEA3007718DD /* Products */ = {
			isa = PBXGroup;
			children = (
				78D33894219FBEA3007718DD /* Loan'd.app */,
				78D338A8219FBEA5007718DD /* Loan'dTests.xctest */,
				78D338B3219FBEA5007718DD /* Loan'dUITests.xctest */,
			);
			name = Products;
			sourceTree = "<group>";
		};
		78D33896219FBEA3007718DD /* Loan'd */ = {
			isa = PBXGroup;
			children = (
				78D33897219FBEA3007718DD /* AppDelegate.swift */,
				78D33899219FBEA3007718DD /* ViewController.swift */,
				E691BE4821A070AC00804DAF /* PlanAViewController.swift */,
				78D3389B219FBEA3007718DD /* Main.storyboard */,
				78D3389E219FBEA5007718DD /* Assets.xcassets */,
				78D338A0219FBEA5007718DD /* LaunchScreen.storyboard */,
				78D338A3219FBEA5007718DD /* Info.plist */,
			);
			path = "Loan'd";
			sourceTree = "<group>";
		};
		78D338AB219FBEA5007718DD /* Loan'dTests */ = {
			isa = PBXGroup;
			children = (
				78D338AC219FBEA5007718DD /* Loan_dTests.swift */,
				78D338AE219FBEA5007718DD /* Info.plist */,
			);
			path = "Loan'dTests";
			sourceTree = "<group>";
		};
		78D338B6219FBEA5007718DD /* Loan'dUITests */ = {
			isa = PBXGroup;
			children = (
				78D338B7219FBEA5007718DD /* Loan_dUITests.swift */,
				78D338B9219FBEA5007718DD /* Info.plist */,
			);
			path = "Loan'dUITests";
			sourceTree = "<group>";
		};
/* End PBXGroup section */

/* Begin PBXNativeTarget section */
		78D33893219FBEA3007718DD /* Loan'd */ = {
			isa = PBXNativeTarget;
			buildConfigurationList = 78D338BC219FBEA5007718DD /* Build configuration list for PBXNativeTarget "Loan'd" */;
			buildPhases = (
				78D33890219FBEA3007718DD /* Sources */,
				78D33891219FBEA3007718DD /* Frameworks */,
				78D33892219FBEA3007718DD /* Resources */,
			);
			buildRules = (
			);
			dependencies = (
			);
			name = "Loan'd";
			productName = "Loan'd";
			productReference = 78D33894219FBEA3007718DD /* Loan'd.app */;
			productType = "com.apple.product-type.application";
		};
		78D338A7219FBEA5007718DD /* Loan'dTests */ = {
			isa = PBXNativeTarget;
			buildConfigurationList = 78D338BF219FBEA5007718DD /* Build configuration list for PBXNativeTarget "Loan'dTests" */;
			buildPhases = (
				78D338A4219FBEA5007718DD /* Sources */,
				78D338A5219FBEA5007718DD /* Frameworks */,
				78D338A6219FBEA5007718DD /* Resources */,
			);
			buildRules = (
			);
			dependencies = (
				78D338AA219FBEA5007718DD /* PBXTargetDependency */,
			);
			name = "Loan'dTests";
			productName = "Loan'dTests";
			productReference = 78D338A8219FBEA5007718DD /* Loan'dTests.xctest */;
			productType = "com.apple.product-type.bundle.unit-test";
		};
		78D338B2219FBEA5007718DD /* Loan'dUITests */ = {
			isa = PBXNativeTarget;
			buildConfigurationList = 78D338C2219FBEA5007718DD /* Build configuration list for PBXNativeTarget "Loan'dUITests" */;
			buildPhases = (
				78D338AF219FBEA5007718DD /* Sources */,
				78D338B0219FBEA5007718DD /* Frameworks */,
				78D338B1219FBEA5007718DD /* Resources */,
			);
			buildRules = (
			);
			dependencies = (
				78D338B5219FBEA5007718DD /* PBXTargetDependency */,
			);
			name = "Loan'dUITests";
			productName = "Loan'dUITests";
			productReference = 78D338B3219FBEA5007718DD /* Loan'dUITests.xctest */;
			productType = "com.apple.product-type.bundle.ui-testing";
		};
/* End PBXNativeTarget section */

/* Begin PBXProject section */
		78D3388C219FBEA3007718DD /* Project object */ = {
			isa = PBXProject;
			attributes = {
				LastSwiftUpdateCheck = 0940;
				LastUpgradeCheck = 0940;
				ORGANIZATIONNAME = "Ashia Nagi";
				TargetAttributes = {
					78D33893219FBEA3007718DD = {
						CreatedOnToolsVersion = 9.4.1;
						LastSwiftMigration = 1010;
					};
					78D338A7219FBEA5007718DD = {
						CreatedOnToolsVersion = 9.4.1;
						LastSwiftMigration = 1010;
						TestTargetID = 78D33893219FBEA3007718DD;
					};
					78D338B2219FBEA5007718DD = {
						CreatedOnToolsVersion = 9.4.1;
						LastSwiftMigration = 1010;
						TestTargetID = 78D33893219FBEA3007718DD;
					};
				};
			};
			buildConfigurationList = 78D3388F219FBEA3007718DD /* Build configuration list for PBXProject "Loan'd" */;
			compatibilityVersion = "Xcode 9.3";
			developmentRegion = en;
			hasScannedForEncodings = 0;
			knownRegions = (
				en,
				Base,
			);
			mainGroup = 78D3388B219FBEA3007718DD;
			productRefGroup = 78D33895219FBEA3007718DD /* Products */;
			projectDirPath = "";
			projectRoot = "";
			targets = (
				78D33893219FBEA3007718DD /* Loan'd */,
				78D338A7219FBEA5007718DD /* Loan'dTests */,
				78D338B2219FBEA5007718DD /* Loan'dUITests */,
			);
		};
/* End PBXProject section */

/* Begin PBXResourcesBuildPhase section */
		78D33892219FBEA3007718DD /* Resources */ = {
			isa = PBXResourcesBuildPhase;
			buildActionMask = 2147483647;
			files = (
				78D338A2219FBEA5007718DD /* LaunchScreen.storyboard in Resources */,
				78D3389F219FBEA5007718DD /* Assets.xcassets in Resources */,
				78D3389D219FBEA3007718DD /* Main.storyboard in Resources */,
			);
			runOnlyForDeploymentPostprocessing = 0;
		};
		78D338A6219FBEA5007718DD /* Resources */ = {
			isa = PBXResourcesBuildPhase;
			buildActionMask = 2147483647;
			files = (
			);
			runOnlyForDeploymentPostprocessing = 0;
		};
		78D338B1219FBEA5007718DD /* Resources */ = {
			isa = PBXResourcesBuildPhase;
			buildActionMask = 2147483647;
			files = (
			);
			runOnlyForDeploymentPostprocessing = 0;
		};
/* End PBXResourcesBuildPhase section */

/* Begin PBXSourcesBuildPhase section */
		78D33890219FBEA3007718DD /* Sources */ = {
			isa = PBXSourcesBuildPhase;
			buildActionMask = 2147483647;
			files = (
				78D3389A219FBEA3007718DD /* ViewController.swift in Sources */,
				E691BE4921A070AC00804DAF /* PlanAViewController.swift in Sources */,
				78D33898219FBEA3007718DD /* AppDelegate.swift in Sources */,
			);
			runOnlyForDeploymentPostprocessing = 0;
		};
		78D338A4219FBEA5007718DD /* Sources */ = {
			isa = PBXSourcesBuildPhase;
			buildActionMask = 2147483647;
			files = (
				78D338AD219FBEA5007718DD /* Loan_dTests.swift in Sources */,
			);
			runOnlyForDeploymentPostprocessing = 0;
		};
		78D338AF219FBEA5007718DD /* Sources */ = {
			isa = PBXSourcesBuildPhase;
			buildActionMask = 2147483647;
			files = (
				78D338B8219FBEA5007718DD /* Loan_dUITests.swift in Sources */,
			);
			runOnlyForDeploymentPostprocessing = 0;
		};
/* End PBXSourcesBuildPhase section */

/* Begin PBXTargetDependency section */
		78D338AA219FBEA5007718DD /* PBXTargetDependency */ = {
			isa = PBXTargetDependency;
			target = 78D33893219FBEA3007718DD /* Loan'd */;
			targetProxy = 78D338A9219FBEA5007718DD /* PBXContainerItemProxy */;
		};
		78D338B5219FBEA5007718DD /* PBXTargetDependency */ = {
			isa = PBXTargetDependency;
			target = 78D33893219FBEA3007718DD /* Loan'd */;
			targetProxy = 78D338B4219FBEA5007718DD /* PBXContainerItemProxy */;
		};
/* End PBXTargetDependency section */

/* Begin PBXVariantGroup section */
		78D3389B219FBEA3007718DD /* Main.storyboard */ = {
			isa = PBXVariantGroup;
			children = (
				78D3389C219FBEA3007718DD /* Base */,
			);
			name = Main.storyboard;
			sourceTree = "<group>";
		};
		78D338A0219FBEA5007718DD /* LaunchScreen.storyboard */ = {
			isa = PBXVariantGroup;
			children = (
				78D338A1219FBEA5007718DD /* Base */,
			);
			name = LaunchScreen.storyboard;
			sourceTree = "<group>";
		};
/* End PBXVariantGroup section */

/* Begin XCBuildConfiguration section */
		78D338BA219FBEA5007718DD /* Debug */ = {
			isa = XCBuildConfiguration;
			buildSettings = {
				ALWAYS_SEARCH_USER_PATHS = NO;
				CLANG_ANALYZER_NONNULL = YES;
				CLANG_ANALYZER_NUMBER_OBJECT_CONVERSION = YES_AGGRESSIVE;
				CLANG_CXX_LANGUAGE_STANDARD = "gnu++14";
				CLANG_CXX_LIBRARY = "libc++";
				CLANG_ENABLE_MODULES = YES;
				CLANG_ENABLE_OBJC_ARC = YES;
				CLANG_ENABLE_OBJC_WEAK = YES;
				CLANG_WARN_BLOCK_CAPTURE_AUTORELEASING = YES;
				CLANG_WARN_BOOL_CONVERSION = YES;
				CLANG_WARN_COMMA = YES;
				CLANG_WARN_CONSTANT_CONVERSION = YES;
				CLANG_WARN_DEPRECATED_OBJC_IMPLEMENTATIONS = YES;
				CLANG_WARN_DIRECT_OBJC_ISA_USAGE = YES_ERROR;
				CLANG_WARN_DOCUMENTATION_COMMENTS = YES;
				CLANG_WARN_EMPTY_BODY = YES;
				CLANG_WARN_ENUM_CONVERSION = YES;
				CLANG_WARN_INFINITE_RECURSION = YES;
				CLANG_WARN_INT_CONVERSION = YES;
				CLANG_WARN_NON_LITERAL_NULL_CONVERSION = YES;
				CLANG_WARN_OBJC_IMPLICIT_RETAIN_SELF = YES;
				CLANG_WARN_OBJC_LITERAL_CONVERSION = YES;
				CLANG_WARN_OBJC_ROOT_CLASS = YES_ERROR;
				CLANG_WARN_RANGE_LOOP_ANALYSIS = YES;
				CLANG_WARN_STRICT_PROTOTYPES = YES;
				CLANG_WARN_SUSPICIOUS_MOVE = YES;
				CLANG_WARN_UNGUARDED_AVAILABILITY = YES_AGGRESSIVE;
				CLANG_WARN_UNREACHABLE_CODE = YES;
				CLANG_WARN__DUPLICATE_METHOD_MATCH = YES;
				CODE_SIGN_IDENTITY = "iPhone Developer";
				COPY_PHASE_STRIP = NO;
				DEBUG_INFORMATION_FORMAT = dwarf;
				ENABLE_STRICT_OBJC_MSGSEND = YES;
				ENABLE_TESTABILITY = YES;
				GCC_C_LANGUAGE_STANDARD = gnu11;
				GCC_DYNAMIC_NO_PIC = NO;
				GCC_NO_COMMON_BLOCKS = YES;
				GCC_OPTIMIZATION_LEVEL = 0;
				GCC_PREPROCESSOR_DEFINITIONS = (
					"DEBUG=1",
					"$(inherited)",
				);
				GCC_WARN_64_TO_32_BIT_CONVERSION = YES;
				GCC_WARN_ABOUT_RETURN_TYPE = YES_ERROR;
				GCC_WARN_UNDECLARED_SELECTOR = YES;
				GCC_WARN_UNINITIALIZED_AUTOS = YES_AGGRESSIVE;
				GCC_WARN_UNUSED_FUNCTION = YES;
				GCC_WARN_UNUSED_VARIABLE = YES;
				IPHONEOS_DEPLOYMENT_TARGET = 11.4;
				MTL_ENABLE_DEBUG_INFO = YES;
				ONLY_ACTIVE_ARCH = YES;
				SDKROOT = iphoneos;
				SWIFT_ACTIVE_COMPILATION_CONDITIONS = DEBUG;
				SWIFT_OPTIMIZATION_LEVEL = "-Onone";
			};
			name = Debug;
		};
		78D338BB219FBEA5007718DD /* Release */ = {
			isa = XCBuildConfiguration;
			buildSettings = {
				ALWAYS_SEARCH_USER_PATHS = NO;
				CLANG_ANALYZER_NONNULL = YES;
				CLANG_ANALYZER_NUMBER_OBJECT_CONVERSION = YES_AGGRESSIVE;
				CLANG_CXX_LANGUAGE_STANDARD = "gnu++14";
				CLANG_CXX_LIBRARY = "libc++";
				CLANG_ENABLE_MODULES = YES;
				CLANG_ENABLE_OBJC_ARC = YES;
				CLANG_ENABLE_OBJC_WEAK = YES;
				CLANG_WARN_BLOCK_CAPTURE_AUTORELEASING = YES;
				CLANG_WARN_BOOL_CONVERSION = YES;
				CLANG_WARN_COMMA = YES;
				CLANG_WARN_CONSTANT_CONVERSION = YES;
				CLANG_WARN_DEPRECATED_OBJC_IMPLEMENTATIONS = YES;
				CLANG_WARN_DIRECT_OBJC_ISA_USAGE = YES_ERROR;
				CLANG_WARN_DOCUMENTATION_COMMENTS = YES;
				CLANG_WARN_EMPTY_BODY = YES;
				CLANG_WARN_ENUM_CONVERSION = YES;
				CLANG_WARN_INFINITE_RECURSION = YES;
				CLANG_WARN_INT_CONVERSION = YES;
				CLANG_WARN_NON_LITERAL_NULL_CONVERSION = YES;
				CLANG_WARN_OBJC_IMPLICIT_RETAIN_SELF = YES;
				CLANG_WARN_OBJC_LITERAL_CONVERSION = YES;
				CLANG_WARN_OBJC_ROOT_CLASS = YES_ERROR;
				CLANG_WARN_RANGE_LOOP_ANALYSIS = YES;
				CLANG_WARN_STRICT_PROTOTYPES = YES;
				CLANG_WARN_SUSPICIOUS_MOVE = YES;
				CLANG_WARN_UNGUARDED_AVAILABILITY = YES_AGGRESSIVE;
				CLANG_WARN_UNREACHABLE_CODE = YES;
				CLANG_WARN__DUPLICATE_METHOD_MATCH = YES;
				CODE_SIGN_IDENTITY = "iPhone Developer";
				COPY_PHASE_STRIP = NO;
				DEBUG_INFORMATION_FORMAT = "dwarf-with-dsym";
				ENABLE_NS_ASSERTIONS = NO;
				ENABLE_STRICT_OBJC_MSGSEND = YES;
				GCC_C_LANGUAGE_STANDARD = gnu11;
				GCC_NO_COMMON_BLOCKS = YES;
				GCC_WARN_64_TO_32_BIT_CONVERSION = YES;
				GCC_WARN_ABOUT_RETURN_TYPE = YES_ERROR;
				GCC_WARN_UNDECLARED_SELECTOR = YES;
				GCC_WARN_UNINITIALIZED_AUTOS = YES_AGGRESSIVE;
				GCC_WARN_UNUSED_FUNCTION = YES;
				GCC_WARN_UNUSED_VARIABLE = YES;
				IPHONEOS_DEPLOYMENT_TARGET = 11.4;
				MTL_ENABLE_DEBUG_INFO = NO;
				SDKROOT = iphoneos;
				SWIFT_COMPILATION_MODE = wholemodule;
				SWIFT_OPTIMIZATION_LEVEL = "-O";
				VALIDATE_PRODUCT = YES;
			};
			name = Release;
		};
		78D338BD219FBEA5007718DD /* Debug */ = {
			isa = XCBuildConfiguration;
			buildSettings = {
				ASSETCATALOG_COMPILER_APPICON_NAME = AppIcon;
				CODE_SIGN_IDENTITY = "iPhone Developer";
				CODE_SIGN_STYLE = Automatic;
				DEVELOPMENT_TEAM = LZAFVSH738;
				INFOPLIST_FILE = "Loan'd/Info.plist";
				LD_RUNPATH_SEARCH_PATHS = (
					"$(inherited)",
					"@executable_path/Frameworks",
				);
				PRODUCT_BUNDLE_IDENTIFIER = "AshiaNagi.Loan-d";
				PRODUCT_NAME = "$(TARGET_NAME)";
				PROVISIONING_PROFILE_SPECIFIER = "";
				SWIFT_VERSION = 4.2;
				TARGETED_DEVICE_FAMILY = "1,2";
			};
			name = Debug;
		};
		78D338BE219FBEA5007718DD /* Release */ = {
			isa = XCBuildConfiguration;
			buildSettings = {
				ASSETCATALOG_COMPILER_APPICON_NAME = AppIcon;
				CODE_SIGN_IDENTITY = "iPhone Developer";
				CODE_SIGN_STYLE = Automatic;
				DEVELOPMENT_TEAM = LZAFVSH738;
				INFOPLIST_FILE = "Loan'd/Info.plist";
				LD_RUNPATH_SEARCH_PATHS = (
					"$(inherited)",
					"@executable_path/Frameworks",
				);
				PRODUCT_BUNDLE_IDENTIFIER = "AshiaNagi.Loan-d";
				PRODUCT_NAME = "$(TARGET_NAME)";
				PROVISIONING_PROFILE_SPECIFIER = "";
				SWIFT_VERSION = 4.2;
				TARGETED_DEVICE_FAMILY = "1,2";
			};
			name = Release;
		};
		78D338C0219FBEA5007718DD /* Debug */ = {
			isa = XCBuildConfiguration;
			buildSettings = {
				ALWAYS_EMBED_SWIFT_STANDARD_LIBRARIES = YES;
				BUNDLE_LOADER = "$(TEST_HOST)";
				CODE_SIGN_STYLE = Automatic;
				INFOPLIST_FILE = "Loan'dTests/Info.plist";
				LD_RUNPATH_SEARCH_PATHS = (
					"$(inherited)",
					"@executable_path/Frameworks",
					"@loader_path/Frameworks",
				);
				PRODUCT_BUNDLE_IDENTIFIER = "AshiaNagi.Loan-dTests";
				PRODUCT_NAME = "$(TARGET_NAME)";
				SWIFT_VERSION = 4.2;
				TARGETED_DEVICE_FAMILY = "1,2";
				TEST_HOST = "$(BUILT_PRODUCTS_DIR)/Loan'd.app/Loan'd";
			};
			name = Debug;
		};
		78D338C1219FBEA5007718DD /* Release */ = {
			isa = XCBuildConfiguration;
			buildSettings = {
				ALWAYS_EMBED_SWIFT_STANDARD_LIBRARIES = YES;
				BUNDLE_LOADER = "$(TEST_HOST)";
				CODE_SIGN_STYLE = Automatic;
				INFOPLIST_FILE = "Loan'dTests/Info.plist";
				LD_RUNPATH_SEARCH_PATHS = (
					"$(inherited)",
					"@executable_path/Frameworks",
					"@loader_path/Frameworks",
				);
				PRODUCT_BUNDLE_IDENTIFIER = "AshiaNagi.Loan-dTests";
				PRODUCT_NAME = "$(TARGET_NAME)";
				SWIFT_VERSION = 4.2;
				TARGETED_DEVICE_FAMILY = "1,2";
				TEST_HOST = "$(BUILT_PRODUCTS_DIR)/Loan'd.app/Loan'd";
			};
			name = Release;
		};
		78D338C3219FBEA5007718DD /* Debug */ = {
			isa = XCBuildConfiguration;
			buildSettings = {
				ALWAYS_EMBED_SWIFT_STANDARD_LIBRARIES = YES;
				CODE_SIGN_STYLE = Automatic;
				INFOPLIST_FILE = "Loan'dUITests/Info.plist";
				LD_RUNPATH_SEARCH_PATHS = (
					"$(inherited)",
					"@executable_path/Frameworks",
					"@loader_path/Frameworks",
				);
				PRODUCT_BUNDLE_IDENTIFIER = "AshiaNagi.Loan-dUITests";
				PRODUCT_NAME = "$(TARGET_NAME)";
				SWIFT_VERSION = 4.2;
				TARGETED_DEVICE_FAMILY = "1,2";
				TEST_TARGET_NAME = "Loan'd";
			};
			name = Debug;
		};
		78D338C4219FBEA5007718DD /* Release */ = {
			isa = XCBuildConfiguration;
			buildSettings = {
				ALWAYS_EMBED_SWIFT_STANDARD_LIBRARIES = YES;
				CODE_SIGN_STYLE = Automatic;
				INFOPLIST_FILE = "Loan'dUITests/Info.plist";
				LD_RUNPATH_SEARCH_PATHS = (
					"$(inherited)",
					"@executable_path/Frameworks",
					"@loader_path/Frameworks",
				);
				PRODUCT_BUNDLE_IDENTIFIER = "AshiaNagi.Loan-dUITests";
				PRODUCT_NAME = "$(TARGET_NAME)";
				SWIFT_VERSION = 4.2;
				TARGETED_DEVICE_FAMILY = "1,2";
				TEST_TARGET_NAME = "Loan'd";
			};
			name = Release;
		};
/* End XCBuildConfiguration section */

/* Begin XCConfigurationList section */
		78D3388F219FBEA3007718DD /* Build configuration list for PBXProject "Loan'd" */ = {
			isa = XCConfigurationList;
			buildConfigurations = (
				78D338BA219FBEA5007718DD /* Debug */,
				78D338BB219FBEA5007718DD /* Release */,
			);
			defaultConfigurationIsVisible = 0;
			defaultConfigurationName = Release;
		};
		78D338BC219FBEA5007718DD /* Build configuration list for PBXNativeTarget "Loan'd" */ = {
			isa = XCConfigurationList;
			buildConfigurations = (
				78D338BD219FBEA5007718DD /* Debug */,
				78D338BE219FBEA5007718DD /* Release */,
			);
			defaultConfigurationIsVisible = 0;
			defaultConfigurationName = Release;
		};
		78D338BF219FBEA5007718DD /* Build configuration list for PBXNativeTarget "Loan'dTests" */ = {
			isa = XCConfigurationList;
			buildConfigurations = (
				78D338C0219FBEA5007718DD /* Debug */,
				78D338C1219FBEA5007718DD /* Release */,
			);
			defaultConfigurationIsVisible = 0;
			defaultConfigurationName = Release;
		};
		78D338C2219FBEA5007718DD /* Build configuration list for PBXNativeTarget "Loan'dUITests" */ = {
			isa = XCConfigurationList;
			buildConfigurations = (
				78D338C3219FBEA5007718DD /* Debug */,
				78D338C4219FBEA5007718DD /* Release */,
			);
			defaultConfigurationIsVisible = 0;
			defaultConfigurationName = Release;
		};
/* End XCConfigurationList section */
	};
	rootObject = 78D3388C219FBEA3007718DD /* Project object */;
}
